
Microsoft Visual Studio Solution File, Format Version 12.00
# Visual Studio Version 17
VisualStudioVersion = 17.9.34728.123
MinimumVisualStudioVersion = 10.0.40219.1
Project("{FAE04EC0-301F-11D3-BF4B-00C04F79EFBC}") = "MyPracticeProject", "MyPracticeProject\MyPracticeProject.csproj", "{AB6AC684-5016-450D-9C4C-2417D85A81DB}"
EndProject
Global
	GlobalSection(SolutionConfigurationPlatforms) = preSolution
		Debug|Any CPU = Debug|Any CPU
		Release|Any CPU = Release|Any CPU
	EndGlobalSection
	GlobalSection(ProjectConfigurationPlatforms) = postSolution
		{AB6AC684-5016-450D-9C4C-2417D85A81DB}.Debug|Any CPU.ActiveCfg = Debug|Any CPU
		{AB6AC684-5016-450D-9C4C-2417D85A81DB}.Debug|Any CPU.Build.0 = Debug|Any CPU
		{AB6AC684-5016-450D-9C4C-2417D85A81DB}.Release|Any CPU.ActiveCfg = Release|Any CPU
		{AB6AC684-5016-450D-9C4C-2417D85A81DB}.Release|Any CPU.Build.0 = Release|Any CPU
	EndGlobalSection
	GlobalSection(SolutionProperties) = preSolution
		HideSolutionNode = FALSE
	EndGlobalSection
	GlobalSection(ExtensibilityGlobals) = postSolution
		SolutionGuid = {32C41311-6065-4F55-8C7F-F5872B3ECC78}
	EndGlobalSection
EndGlobal
